<?xml version="1.0" encoding="utf-8"?>
<Project ToolsVersion="4.0" xmlns="http://schemas.microsoft.com/developer/msbuild/2003">
  <ItemGroup>
    <Filter Include="Source Files">
      <UniqueIdentifier>{4FC737F1-C7A5-4376-A066-2A32D752A2FF}</UniqueIdentifier>
      <Extensions>cpp;c;cc;cxx;def;odl;idl;hpj;bat;asm;asmx</Extensions>
    </Filter>
    <Filter Include="Header Files">
      <UniqueIdentifier>{93995380-89BD-4b04-88EB-625FBE52EBFB}</UniqueIdentifier>
      <Extensions>h;hh;hpp;hxx;hm;inl;inc;xsd</Extensions>
    </Filter>
    <Filter Include="Resource Files">
      <UniqueIdentifier>{67DA6AB6-F800-4c08-8B7A-83BB121AAD01}</UniqueIdentifier>
      <Extensions>rc;ico;cur;bmp;dlg;rc2;rct;bin;rgs;gif;jpg;jpeg;jpe;resx;tiff;tif;png;wav;mfcribbon-ms</Extensions>
    </Filter>
    <Filter Include="Source Files\Utils">
      <UniqueIdentifier>{5599311b-6963-43f8-b1fa-a5fead17812c}</UniqueIdentifier>
    </Filter>
    <Filter Include="Source Files\Memory">
      <UniqueIdentifier>{ca5f2829-e0fd-461b-a2dc-52b76516fb9d}</UniqueIdentifier>
    </Filter>
    <Filter Include="Source Files\Features">
      <UniqueIdentifier>{97409f7d-6137-4e59-a0fa-e3622365048c}</UniqueIdentifier>
    </Filter>
    <Filter Include="Header Files\Features">
      <UniqueIdentifier>{c27d4b02-cd16-4d47-b78b-ebfe7e85d020}</UniqueIdentifier>
    </Filter>
    <Filter Include="Header Files\Utils">
      <UniqueIdentifier>{704a9c11-a0e3-4673-b814-72002d94500f}</UniqueIdentifier>
    </Filter>
    <Filter Include="Header Files\Memory">
      <UniqueIdentifier>{d616a8c4-ebfb-42d7-aef2-ffdeee0af62d}</UniqueIdentifier>
    </Filter>
  </ItemGroup>
  <ItemGroup>
    <ClCompile Include="AutoPistol.cpp">
      <Filter>Source Files\Features</Filter>
    </ClCompile>
    <ClCompile Include="Bhop.cpp">
      <Filter>Source Files\Features</Filter>
    </ClCompile>
    <ClCompile Include="Glow.cpp">
      <Filter>Source Files\Features</Filter>
    </ClCompile>
    <ClCompile Include="NoFlash.cpp">
      <Filter>Source Files\Features</Filter>
    </ClCompile>
    <ClCompile Include="NoHands.cpp">
      <Filter>Source Files\Features</Filter>
    </ClCompile>
    <ClCompile Include="LocalPlayer.cpp">
      <Filter>Source Files\Utils</Filter>
    </ClCompile>
    <ClCompile Include="Misc.cpp">
      <Filter>Source Files\Utils</Filter>
    </ClCompile>
    <ClCompile Include="Main.cpp">
      <Filter>Source Files</Filter>
    </ClCompile>
    <ClCompile Include="PMemory.cpp">
      <Filter>Source Files\Memory</Filter>
    </ClCompile>
    <ClCompile Include="Trigger.cpp">
      <Filter>Source Files\Features</Filter>
    </ClCompile>
    <ClCompile Include="SlowAim.cpp">
      <Filter>Source Files\Features</Filter>
    </ClCompile>
  </ItemGroup>
  <ItemGroup>
    <ClInclude Include="AutoPistol.h">
      <Filter>Header Files\Features</Filter>
    </ClInclude>
    <ClInclude Include="Bhop.h">
      <Filter>Header Files\Features</Filter>
    </ClInclude>
    <ClInclude Include="Glow.h">
      <Filter>Header Files\Features</Filter>
    </ClInclude>
    <ClInclude Include="NoFlash.h">
      <Filter>Header Files\Features</Filter>
    </ClInclude>
    <ClInclude Include="NoHands.h">
      <Filter>Header Files\Features</Filter>
    </ClInclude>
    <ClInclude Include="Trigger.h">
      <Filter>Header Files\Features</Filter>
    </ClInclude>
    <ClInclude Include="xor.h">
      <Filter>Header Files\Utils</Filter>
    </ClInclude>
    <ClInclude Include="LocalPlayer.h">
      <Filter>Header Files\Utils</Filter>
    </ClInclude>
    <ClInclude Include="Includes.h">
      <Filter>Header Files\Utils</Filter>
    </ClInclude>
    <ClInclude Include="PMemory.h">
      <Filter>Header Files\Memory</Filter>
    </ClInclude>
    <ClInclude Include="Misc.h">
      <Filter>Header Files\Utils</Filter>
    </ClInclude>
    <ClInclude Include="Offsets.h">
      <Filter>Header Files\Utils</Filter>
    </ClInclude>
    <ClInclude Include="Enums.h">
      <Filter>Header Files\Utils</Filter>
    </ClInclude>
    <ClInclude Include="SlowAim.h">
      <Filter>Header Files\Features</Filter>
    </ClInclude>
  </ItemGroup>
</Project>